PODS:
  - Flutter (1.0.0)
  - fluttertoast (0.0.2):
    - Flutter
    - Toast
  - google_maps_flutter_ios (0.0.1):
    - Flutter
    - GoogleMaps (< 8.0)
  - GoogleMaps (5.2.0):
    - GoogleMaps/Maps (= 5.2.0)
  - GoogleMaps/Base (5.2.0)
  - GoogleMaps/Maps (5.2.0):
    - GoogleMaps/Base
  - libphonenumber_plugin (0.0.1):
    - Flutter
    - PhoneNumberKit
  - PhoneNumberKit (3.6.7):
    - PhoneNumberKit/PhoneNumberKitCore (= 3.6.7)
    - PhoneNumberKit/UIKit (= 3.6.7)
  - PhoneNumberKit/PhoneNumberKitCore (3.6.7)
  - PhoneNumberKit/UIKit (3.6.7):
    - PhoneNumberKit/PhoneNumberKitCore
  - shared_preferences_foundation (0.0.1):
    - Flutter
    - FlutterMacOS
  - Toast (4.0.0)

DEPENDENCIES:
  - Flutter (from `Flutter`)
  - fluttertoast (from `.symlinks/plugins/fluttertoast/ios`)
  - google_maps_flutter_ios (from `.symlinks/plugins/google_maps_flutter_ios/ios`)
  - libphonenumber_plugin (from `.symlinks/plugins/libphonenumber_plugin/ios`)
  - shared_preferences_foundation (from `.symlinks/plugins/shared_preferences_foundation/darwin`)

SPEC REPOS:
  trunk:
    - GoogleMaps
    - PhoneNumberKit
    - Toast

EXTERNAL SOURCES:
  Flutter:
    :path: Flutter
  fluttertoast:
    :path: ".symlinks/plugins/fluttertoast/ios"
  google_maps_flutter_ios:
    :path: ".symlinks/plugins/google_maps_flutter_ios/ios"
  libphonenumber_plugin:
    :path: ".symlinks/plugins/libphonenumber_plugin/ios"
  shared_preferences_foundation:
    :path: ".symlinks/plugins/shared_preferences_foundation/darwin"

SPEC CHECKSUMS:
  Flutter: f04841e97a9d0b0a8025694d0796dd46242b2854
  fluttertoast: fafc4fa4d01a6a9e4f772ecd190ffa525e9e2d9c
  google_maps_flutter_ios: abdac20d6ce8931f6ebc5f46616df241bfaa2cfd
  GoogleMaps: 025272d5876d3b32604e5c080dc25eaf68764693
  libphonenumber_plugin: e8a7d64a6624a7c25f2c4ab0b7ead2a8e341e35e
  PhoneNumberKit: 43b5169526cc417398c8f13f77c97552c1c6ed76
  shared_preferences_foundation: 5b919d13b803cadd15ed2dc053125c68730e5126
  Toast: 91b396c56ee72a5790816f40d3a94dd357abc196

PODFILE CHECKSUM: 70d9d25280d0dd177a5f637cdb0f0b0b12c6a189

COCOAPODS: 1.12.1
